
Microsoft Visual Studio Solution File, Format Version 12.00
# Visual Studio 15
VisualStudioVersion = 15.0.27130.2027
MinimumVisualStudioVersion = 10.0.40219.1
Project("{FAE04EC0-301F-11D3-BF4B-00C04F79EFBC}") = "HangmanWPF", "HangmanWPF\HangmanWPF.csproj", "{FC12F567-7093-4D44-BA13-31C0BE2DB178}"
EndProject
Project("{FAE04EC0-301F-11D3-BF4B-00C04F79EFBC}") = "Hangman", "Hangman\Hangman.csproj", "{A8826E42-6443-4301-9412-793B184509F2}"
EndProject
Project("{FAE04EC0-301F-11D3-BF4B-00C04F79EFBC}") = "HangmanMVC", "HangmanMVC\HangmanMVC.csproj", "{DADE8C47-AB8D-42E1-B679-BAD7ABD012F2}"
EndProject
Global
	GlobalSection(SolutionConfigurationPlatforms) = preSolution
		Debug|Any CPU = Debug|Any CPU
		Release|Any CPU = Release|Any CPU
	EndGlobalSection
	GlobalSection(ProjectConfigurationPlatforms) = postSolution
		{FC12F567-7093-4D44-BA13-31C0BE2DB178}.Debug|Any CPU.ActiveCfg = Debug|Any CPU
		{FC12F567-7093-4D44-BA13-31C0BE2DB178}.Debug|Any CPU.Build.0 = Debug|Any CPU
		{FC12F567-7093-4D44-BA13-31C0BE2DB178}.Release|Any CPU.ActiveCfg = Release|Any CPU
		{FC12F567-7093-4D44-BA13-31C0BE2DB178}.Release|Any CPU.Build.0 = Release|Any CPU
		{A8826E42-6443-4301-9412-793B184509F2}.Debug|Any CPU.ActiveCfg = Debug|Any CPU
		{A8826E42-6443-4301-9412-793B184509F2}.Debug|Any CPU.Build.0 = Debug|Any CPU
		{A8826E42-6443-4301-9412-793B184509F2}.Release|Any CPU.ActiveCfg = Release|Any CPU
		{A8826E42-6443-4301-9412-793B184509F2}.Release|Any CPU.Build.0 = Release|Any CPU
		{DADE8C47-AB8D-42E1-B679-BAD7ABD012F2}.Debug|Any CPU.ActiveCfg = Debug|Any CPU
		{DADE8C47-AB8D-42E1-B679-BAD7ABD012F2}.Debug|Any CPU.Build.0 = Debug|Any CPU
		{DADE8C47-AB8D-42E1-B679-BAD7ABD012F2}.Release|Any CPU.ActiveCfg = Release|Any CPU
		{DADE8C47-AB8D-42E1-B679-BAD7ABD012F2}.Release|Any CPU.Build.0 = Release|Any CPU
	EndGlobalSection
	GlobalSection(SolutionProperties) = preSolution
		HideSolutionNode = FALSE
	EndGlobalSection
	GlobalSection(ExtensibilityGlobals) = postSolution
		SolutionGuid = {2FF48A3E-9DAE-4641-B44A-CDE7F90E3811}
	EndGlobalSection
EndGlobal
